
Microsoft Visual Studio Solution File, Format Version 12.00
# Visual Studio Version 17
VisualStudioVersion = 17.6.33829.357
MinimumVisualStudioVersion = 10.0.40219.1
Project("{8BC9CEB8-8B4A-11D0-8D11-00A0C91BC942}") = "CardGame", "CardGame.vcxproj", "{3F680200-6128-4319-9254-CB3A8C41CBD7}"
EndProject
Project("{8BC9CEB8-8B4A-11D0-8D11-00A0C91BC942}") = "UnitTests", "UnitTests\UnitTests.vcxproj", "{E6CA6EFC-62CD-4FFE-AF5F-B92A7B24CF0D}"
EndProject
Global
	GlobalSection(SolutionConfigurationPlatforms) = preSolution
		Debug|x64 = Debug|x64
		Debug|x86 = Debug|x86
		Release|x64 = Release|x64
		Release|x86 = Release|x86
	EndGlobalSection
	GlobalSection(ProjectConfigurationPlatforms) = postSolution
		{3F680200-6128-4319-9254-CB3A8C41CBD7}.Debug|x64.ActiveCfg = Debug|x64
		{3F680200-6128-4319-9254-CB3A8C41CBD7}.Debug|x64.Build.0 = Debug|x64
		{3F680200-6128-4319-9254-CB3A8C41CBD7}.Debug|x86.ActiveCfg = Debug|Win32
		{3F680200-6128-4319-9254-CB3A8C41CBD7}.Debug|x86.Build.0 = Debug|Win32
		{3F680200-6128-4319-9254-CB3A8C41CBD7}.Release|x64.ActiveCfg = Release|x64
		{3F680200-6128-4319-9254-CB3A8C41CBD7}.Release|x64.Build.0 = Release|x64
		{3F680200-6128-4319-9254-CB3A8C41CBD7}.Release|x86.ActiveCfg = Release|Win32
		{3F680200-6128-4319-9254-CB3A8C41CBD7}.Release|x86.Build.0 = Release|Win32
		{E6CA6EFC-62CD-4FFE-AF5F-B92A7B24CF0D}.Debug|x64.ActiveCfg = Debug|x64
		{E6CA6EFC-62CD-4FFE-AF5F-B92A7B24CF0D}.Debug|x64.Build.0 = Debug|x64
		{E6CA6EFC-62CD-4FFE-AF5F-B92A7B24CF0D}.Debug|x86.ActiveCfg = Debug|Win32
		{E6CA6EFC-62CD-4FFE-AF5F-B92A7B24CF0D}.Debug|x86.Build.0 = Debug|Win32
		{E6CA6EFC-62CD-4FFE-AF5F-B92A7B24CF0D}.Release|x64.ActiveCfg = Release|x64
		{E6CA6EFC-62CD-4FFE-AF5F-B92A7B24CF0D}.Release|x64.Build.0 = Release|x64
		{E6CA6EFC-62CD-4FFE-AF5F-B92A7B24CF0D}.Release|x86.ActiveCfg = Release|Win32
		{E6CA6EFC-62CD-4FFE-AF5F-B92A7B24CF0D}.Release|x86.Build.0 = Release|Win32
	EndGlobalSection
	GlobalSection(SolutionProperties) = preSolution
		HideSolutionNode = FALSE
	EndGlobalSection
	GlobalSection(ExtensibilityGlobals) = postSolution
		SolutionGuid = {65B8EF3E-FBF7-471B-907B-D93BEFDCE49F}
	EndGlobalSection
EndGlobal
